
Microsoft Visual Studio Solution File, Format Version 12.00
# Visual Studio Version 16
VisualStudioVersion = 16.0.31624.102
MinimumVisualStudioVersion = 10.0.40219.1
Project("{FAE04EC0-301F-11D3-BF4B-00C04F79EFBC}") = "TrackerLibrary", "TrackerLibrary\TrackerLibrary.csproj", "{C40B22FB-8B76-439A-BD50-48EAEA14CBB9}"
EndProject
Project("{FAE04EC0-301F-11D3-BF4B-00C04F79EFBC}") = "TrackerUI", "TrackerUI\TrackerUI.csproj", "{7611E0D6-1A3B-43A5-B34B-E4AC926CA990}"
EndProject
Project("{00D1A9C2-B5F0-4AF3-8072-F6C62B433612}") = "TrackerDB", "TournamentTracker SQL Server DB\TrackerDB.sqlproj", "{C3C4059B-9C40-440F-9215-48938939D736}"
EndProject
Global
	GlobalSection(SolutionConfigurationPlatforms) = preSolution
		Debug|Any CPU = Debug|Any CPU
		Release|Any CPU = Release|Any CPU
	EndGlobalSection
	GlobalSection(ProjectConfigurationPlatforms) = postSolution
		{C40B22FB-8B76-439A-BD50-48EAEA14CBB9}.Debug|Any CPU.ActiveCfg = Debug|Any CPU
		{C40B22FB-8B76-439A-BD50-48EAEA14CBB9}.Debug|Any CPU.Build.0 = Debug|Any CPU
		{C40B22FB-8B76-439A-BD50-48EAEA14CBB9}.Release|Any CPU.ActiveCfg = Release|Any CPU
		{C40B22FB-8B76-439A-BD50-48EAEA14CBB9}.Release|Any CPU.Build.0 = Release|Any CPU
		{7611E0D6-1A3B-43A5-B34B-E4AC926CA990}.Debug|Any CPU.ActiveCfg = Debug|Any CPU
		{7611E0D6-1A3B-43A5-B34B-E4AC926CA990}.Debug|Any CPU.Build.0 = Debug|Any CPU
		{7611E0D6-1A3B-43A5-B34B-E4AC926CA990}.Release|Any CPU.ActiveCfg = Release|Any CPU
		{7611E0D6-1A3B-43A5-B34B-E4AC926CA990}.Release|Any CPU.Build.0 = Release|Any CPU
		{C3C4059B-9C40-440F-9215-48938939D736}.Debug|Any CPU.ActiveCfg = Debug|Any CPU
		{C3C4059B-9C40-440F-9215-48938939D736}.Debug|Any CPU.Build.0 = Debug|Any CPU
		{C3C4059B-9C40-440F-9215-48938939D736}.Debug|Any CPU.Deploy.0 = Debug|Any CPU
		{C3C4059B-9C40-440F-9215-48938939D736}.Release|Any CPU.ActiveCfg = Release|Any CPU
		{C3C4059B-9C40-440F-9215-48938939D736}.Release|Any CPU.Build.0 = Release|Any CPU
		{C3C4059B-9C40-440F-9215-48938939D736}.Release|Any CPU.Deploy.0 = Release|Any CPU
	EndGlobalSection
	GlobalSection(SolutionProperties) = preSolution
		HideSolutionNode = FALSE
	EndGlobalSection
	GlobalSection(ExtensibilityGlobals) = postSolution
		SolutionGuid = {7D2E31EF-34E8-4333-BDC8-1815686041CA}
	EndGlobalSection
EndGlobal
